
Microsoft Visual Studio Solution File, Format Version 12.00
# Visual Studio Version 17
VisualStudioVersion = 17.0.32112.339
MinimumVisualStudioVersion = 10.0.40219.1
Project("{9A19103F-16F7-4668-BE54-9A1E7A4F7556}") = "CleanProject", "src\CleanProject\CleanProject.csproj", "{ABA82402-16B4-4766-ABFB-D3CEC7FF2C1D}"
EndProject
Global
	GlobalSection(SolutionConfigurationPlatforms) = preSolution
		Debug|Any CPU = Debug|Any CPU
		Release|Any CPU = Release|Any CPU
	EndGlobalSection
	GlobalSection(ProjectConfigurationPlatforms) = postSolution
		{ABA82402-16B4-4766-ABFB-D3CEC7FF2C1D}.Debug|Any CPU.ActiveCfg = Debug|Any CPU
		{ABA82402-16B4-4766-ABFB-D3CEC7FF2C1D}.Debug|Any CPU.Build.0 = Debug|Any CPU
		{ABA82402-16B4-4766-ABFB-D3CEC7FF2C1D}.Release|Any CPU.ActiveCfg = Release|Any CPU
		{ABA82402-16B4-4766-ABFB-D3CEC7FF2C1D}.Release|Any CPU.Build.0 = Release|Any CPU
	EndGlobalSection
	GlobalSection(SolutionProperties) = preSolution
		HideSolutionNode = FALSE
	EndGlobalSection
	GlobalSection(ExtensibilityGlobals) = postSolution
		SolutionGuid = {29D7783E-706D-4D4C-A22D-1216A1D461E5}
	EndGlobalSection
EndGlobal
